
Microsoft Visual Studio Solution File, Format Version 12.00
# Visual Studio Version 17
VisualStudioVersion = 17.0.32126.317
MinimumVisualStudioVersion = 10.0.40219.1
Project("{FAE04EC0-301F-11D3-BF4B-00C04F79EFBC}") = "desafioRSA", "desafioRSA.csproj", "{26E7D986-5049-4E5A-93CD-B24CD59CF571}"
EndProject
Global
	GlobalSection(SolutionConfigurationPlatforms) = preSolution
		Debug|Any CPU = Debug|Any CPU
		Release|Any CPU = Release|Any CPU
	EndGlobalSection
	GlobalSection(ProjectConfigurationPlatforms) = postSolution
		{26E7D986-5049-4E5A-93CD-B24CD59CF571}.Debug|Any CPU.ActiveCfg = Debug|Any CPU
		{26E7D986-5049-4E5A-93CD-B24CD59CF571}.Debug|Any CPU.Build.0 = Debug|Any CPU
		{26E7D986-5049-4E5A-93CD-B24CD59CF571}.Release|Any CPU.ActiveCfg = Release|Any CPU
		{26E7D986-5049-4E5A-93CD-B24CD59CF571}.Release|Any CPU.Build.0 = Release|Any CPU
	EndGlobalSection
	GlobalSection(SolutionProperties) = preSolution
		HideSolutionNode = FALSE
	EndGlobalSection
	GlobalSection(ExtensibilityGlobals) = postSolution
		SolutionGuid = {42BB8F01-A352-4055-BFE4-9A466D8B4192}
	EndGlobalSection
EndGlobal
